{
  "version": 4,
  "terraform_version": "1.13.3",
  "serial": 193,
  "lineage": "d86b4df9-7f6a-a448-ed79-0b17b16d23f4",
  "outputs": {},
  "resources": [
    {
      "module": "module.network",
      "mode": "managed",
      "type": "azurerm_network_interface",
      "name": "network_interfaces",
      "provider": "provider[\"registry.terraform.io/hashicorp/azurerm\"]",
      "instances": [
        {
          "index_key": "appinterface01",
          "schema_version": 0,
          "attributes": {
            "accelerated_networking_enabled": false,
            "applied_dns_servers": [],
            "auxiliary_mode": "",
            "auxiliary_sku": "",
            "dns_servers": null,
            "edge_zone": "",
            "id": "/subscriptions/2ab4f266-3113-46c7-9a11-16bcb8ae5659/resourceGroups/dev-grp/providers/Microsoft.Network/networkInterfaces/appinterface01",
            "internal_dns_name_label": "",
            "internal_domain_name_suffix": "4zjolikwuh0e1epdownyfbp0ve.zx.internal.cloudapp.net",
            "ip_configuration": [
              {
                "gateway_load_balancer_frontend_ip_configuration_id": "",
                "name": "internal",
                "primary": true,
                "private_ip_address": "10.0.1.4",
                "private_ip_address_allocation": "Dynamic",
                "private_ip_address_version": "IPv4",
                "public_ip_address_id": "",
                "subnet_id": "/subscriptions/2ab4f266-3113-46c7-9a11-16bcb8ae5659/resourceGroups/dev-grp/providers/Microsoft.Network/virtualNetworks/dev-network/subnets/appsubnet"
              }
            ],
            "ip_forwarding_enabled": false,
            "location": "uksouth",
            "mac_address": "",
            "name": "appinterface01",
            "private_ip_address": "10.0.1.4",
            "private_ip_addresses": [
              "10.0.1.4"
            ],
            "resource_group_name": "dev-grp",
            "tags": null,
            "timeouts": null,
            "virtual_machine_id": ""
          },
          "sensitive_attributes": [],
          "identity_schema_version": 0,
          "private": "eyJlMmJmYjczMC1lY2FhLTExZTYtOGY4OC0zNDM2M2JjN2M0YzAiOnsiY3JlYXRlIjoxODAwMDAwMDAwMDAwLCJkZWxldGUiOjE4MDAwMDAwMDAwMDAsInJlYWQiOjMwMDAwMDAwMDAwMCwidXBkYXRlIjoxODAwMDAwMDAwMDAwfX0=",
          "dependencies": [
            "module.network.azurerm_subnet.network_subnets",
            "module.network.azurerm_virtual_network.virtual_network",
            "module.resource-group.azurerm_resource_group.appgrp"
          ]
        },
        {
          "index_key": "webinterface01",
          "schema_version": 0,
          "attributes": {
            "accelerated_networking_enabled": false,
            "applied_dns_servers": [],
            "auxiliary_mode": "",
            "auxiliary_sku": "",
            "dns_servers": null,
            "edge_zone": "",
            "id": "/subscriptions/2ab4f266-3113-46c7-9a11-16bcb8ae5659/resourceGroups/dev-grp/providers/Microsoft.Network/networkInterfaces/webinterface01",
            "internal_dns_name_label": "",
            "internal_domain_name_suffix": "4zjolikwuh0e1epdownyfbp0ve.zx.internal.cloudapp.net",
            "ip_configuration": [
              {
                "gateway_load_balancer_frontend_ip_configuration_id": "",
                "name": "internal",
                "primary": true,
                "private_ip_address": "10.0.0.4",
                "private_ip_address_allocation": "Dynamic",
                "private_ip_address_version": "IPv4",
                "public_ip_address_id": "",
                "subnet_id": "/subscriptions/2ab4f266-3113-46c7-9a11-16bcb8ae5659/resourceGroups/dev-grp/providers/Microsoft.Network/virtualNetworks/dev-network/subnets/websubnet"
              }
            ],
            "ip_forwarding_enabled": false,
            "location": "uksouth",
            "mac_address": "",
            "name": "webinterface01",
            "private_ip_address": "10.0.0.4",
            "private_ip_addresses": [
              "10.0.0.4"
            ],
            "resource_group_name": "dev-grp",
            "tags": null,
            "timeouts": null,
            "virtual_machine_id": ""
          },
          "sensitive_attributes": [],
          "identity_schema_version": 0,
          "private": "eyJlMmJmYjczMC1lY2FhLTExZTYtOGY4OC0zNDM2M2JjN2M0YzAiOnsiY3JlYXRlIjoxODAwMDAwMDAwMDAwLCJkZWxldGUiOjE4MDAwMDAwMDAwMDAsInJlYWQiOjMwMDAwMDAwMDAwMCwidXBkYXRlIjoxODAwMDAwMDAwMDAwfX0=",
          "dependencies": [
            "module.network.azurerm_subnet.network_subnets",
            "module.network.azurerm_virtual_network.virtual_network",
            "module.resource-group.azurerm_resource_group.appgrp"
          ]
        }
      ]
    },
    {
      "module": "module.network",
      "mode": "managed",
      "type": "azurerm_network_security_group",
      "name": "network_security_group",
      "provider": "provider[\"registry.terraform.io/hashicorp/azurerm\"]",
      "instances": [
        {
          "index_key": "app",
          "schema_version": 0,
          "attributes": {
            "id": "/subscriptions/2ab4f266-3113-46c7-9a11-16bcb8ae5659/resourceGroups/dev-grp/providers/Microsoft.Network/networkSecurityGroups/app_nsg",
            "location": "uksouth",
            "name": "app_nsg",
            "resource_group_name": "dev-grp",
            "security_rule": [
              {
                "access": "Allow",
                "description": "",
                "destination_address_prefix": "*",
                "destination_address_prefixes": [],
                "destination_application_security_group_ids": [],
                "destination_port_range": "3389",
                "destination_port_ranges": [],
                "direction": "Inbound",
                "name": "Allow-3389",
                "priority": 300,
                "protocol": "Tcp",
                "source_address_prefix": "*",
                "source_address_prefixes": [],
                "source_application_security_group_ids": [],
                "source_port_range": "*",
                "source_port_ranges": []
              },
              {
                "access": "Allow",
                "description": "",
                "destination_address_prefix": "*",
                "destination_address_prefixes": [],
                "destination_application_security_group_ids": [],
                "destination_port_range": "80",
                "destination_port_ranges": [],
                "direction": "Inbound",
                "name": "Allow-80",
                "priority": 310,
                "protocol": "Tcp",
                "source_address_prefix": "*",
                "source_address_prefixes": [],
                "source_application_security_group_ids": [],
                "source_port_range": "*",
                "source_port_ranges": []
              }
            ],
            "tags": null,
            "timeouts": null
          },
          "sensitive_attributes": [],
          "identity_schema_version": 0,
          "private": "eyJlMmJmYjczMC1lY2FhLTExZTYtOGY4OC0zNDM2M2JjN2M0YzAiOnsiY3JlYXRlIjoxODAwMDAwMDAwMDAwLCJkZWxldGUiOjE4MDAwMDAwMDAwMDAsInJlYWQiOjMwMDAwMDAwMDAwMCwidXBkYXRlIjoxODAwMDAwMDAwMDAwfX0=",
          "dependencies": [
            "module.resource-group.azurerm_resource_group.appgrp"
          ]
        },
        {
          "index_key": "web",
          "schema_version": 0,
          "attributes": {
            "id": "/subscriptions/2ab4f266-3113-46c7-9a11-16bcb8ae5659/resourceGroups/dev-grp/providers/Microsoft.Network/networkSecurityGroups/web_nsg",
            "location": "uksouth",
            "name": "web_nsg",
            "resource_group_name": "dev-grp",
            "security_rule": [
              {
                "access": "Allow",
                "description": "",
                "destination_address_prefix": "*",
                "destination_address_prefixes": [],
                "destination_application_security_group_ids": [],
                "destination_port_range": "3389",
                "destination_port_ranges": [],
                "direction": "Inbound",
                "name": "Allow-3389",
                "priority": 300,
                "protocol": "Tcp",
                "source_address_prefix": "*",
                "source_address_prefixes": [],
                "source_application_security_group_ids": [],
                "source_port_range": "*",
                "source_port_ranges": []
              },
              {
                "access": "Allow",
                "description": "",
                "destination_address_prefix": "*",
                "destination_address_prefixes": [],
                "destination_application_security_group_ids": [],
                "destination_port_range": "80",
                "destination_port_ranges": [],
                "direction": "Inbound",
                "name": "Allow-80",
                "priority": 310,
                "protocol": "Tcp",
                "source_address_prefix": "*",
                "source_address_prefixes": [],
                "source_application_security_group_ids": [],
                "source_port_range": "*",
                "source_port_ranges": []
              }
            ],
            "tags": null,
            "timeouts": null
          },
          "sensitive_attributes": [],
          "identity_schema_version": 0,
          "private": "eyJlMmJmYjczMC1lY2FhLTExZTYtOGY4OC0zNDM2M2JjN2M0YzAiOnsiY3JlYXRlIjoxODAwMDAwMDAwMDAwLCJkZWxldGUiOjE4MDAwMDAwMDAwMDAsInJlYWQiOjMwMDAwMDAwMDAwMCwidXBkYXRlIjoxODAwMDAwMDAwMDAwfX0=",
          "dependencies": [
            "module.resource-group.azurerm_resource_group.appgrp"
          ]
        }
      ]
    },
    {
      "module": "module.network",
      "mode": "managed",
      "type": "azurerm_subnet",
      "name": "network_subnets",
      "provider": "provider[\"registry.terraform.io/hashicorp/azurerm\"]",
      "instances": [
        {
          "index_key": "app",
          "schema_version": 0,
          "attributes": {
            "address_prefixes": [
              "10.0.1.0/24"
            ],
            "default_outbound_access_enabled": true,
            "delegation": [],
            "id": "/subscriptions/2ab4f266-3113-46c7-9a11-16bcb8ae5659/resourceGroups/dev-grp/providers/Microsoft.Network/virtualNetworks/dev-network/subnets/appsubnet",
            "name": "appsubnet",
            "private_endpoint_network_policies": "Disabled",
            "private_link_service_network_policies_enabled": true,
            "resource_group_name": "dev-grp",
            "service_endpoint_policy_ids": null,
            "service_endpoints": null,
            "timeouts": null,
            "virtual_network_name": "dev-network"
          },
          "sensitive_attributes": [],
          "identity_schema_version": 0,
          "private": "eyJlMmJmYjczMC1lY2FhLTExZTYtOGY4OC0zNDM2M2JjN2M0YzAiOnsiY3JlYXRlIjoxODAwMDAwMDAwMDAwLCJkZWxldGUiOjE4MDAwMDAwMDAwMDAsInJlYWQiOjMwMDAwMDAwMDAwMCwidXBkYXRlIjoxODAwMDAwMDAwMDAwfX0=",
          "dependencies": [
            "module.network.azurerm_virtual_network.virtual_network",
            "module.resource-group.azurerm_resource_group.appgrp"
          ]
        },
        {
          "index_key": "web",
          "schema_version": 0,
          "attributes": {
            "address_prefixes": [
              "10.0.0.0/24"
            ],
            "default_outbound_access_enabled": true,
            "delegation": [],
            "id": "/subscriptions/2ab4f266-3113-46c7-9a11-16bcb8ae5659/resourceGroups/dev-grp/providers/Microsoft.Network/virtualNetworks/dev-network/subnets/websubnet",
            "name": "websubnet",
            "private_endpoint_network_policies": "Disabled",
            "private_link_service_network_policies_enabled": true,
            "resource_group_name": "dev-grp",
            "service_endpoint_policy_ids": null,
            "service_endpoints": null,
            "timeouts": null,
            "virtual_network_name": "dev-network"
          },
          "sensitive_attributes": [],
          "identity_schema_version": 0,
          "private": "eyJlMmJmYjczMC1lY2FhLTExZTYtOGY4OC0zNDM2M2JjN2M0YzAiOnsiY3JlYXRlIjoxODAwMDAwMDAwMDAwLCJkZWxldGUiOjE4MDAwMDAwMDAwMDAsInJlYWQiOjMwMDAwMDAwMDAwMCwidXBkYXRlIjoxODAwMDAwMDAwMDAwfX0=",
          "dependencies": [
            "module.network.azurerm_virtual_network.virtual_network",
            "module.resource-group.azurerm_resource_group.appgrp"
          ]
        }
      ]
    },
    {
      "module": "module.network",
      "mode": "managed",
      "type": "azurerm_subnet_network_security_group_association",
      "name": "subnet_nsg",
      "provider": "provider[\"registry.terraform.io/hashicorp/azurerm\"]",
      "instances": [
        {
          "index_key": "app",
          "schema_version": 0,
          "attributes": {
            "id": "/subscriptions/2ab4f266-3113-46c7-9a11-16bcb8ae5659/resourceGroups/dev-grp/providers/Microsoft.Network/virtualNetworks/dev-network/subnets/appsubnet",
            "network_security_group_id": "/subscriptions/2ab4f266-3113-46c7-9a11-16bcb8ae5659/resourceGroups/dev-grp/providers/Microsoft.Network/networkSecurityGroups/app_nsg",
            "subnet_id": "/subscriptions/2ab4f266-3113-46c7-9a11-16bcb8ae5659/resourceGroups/dev-grp/providers/Microsoft.Network/virtualNetworks/dev-network/subnets/appsubnet",
            "timeouts": null
          },
          "sensitive_attributes": [],
          "identity_schema_version": 0,
          "private": "eyJlMmJmYjczMC1lY2FhLTExZTYtOGY4OC0zNDM2M2JjN2M0YzAiOnsiY3JlYXRlIjoxODAwMDAwMDAwMDAwLCJkZWxldGUiOjE4MDAwMDAwMDAwMDAsInJlYWQiOjMwMDAwMDAwMDAwMH19",
          "dependencies": [
            "module.network.azurerm_network_security_group.network_security_group",
            "module.network.azurerm_subnet.network_subnets",
            "module.network.azurerm_virtual_network.virtual_network",
            "module.resource-group.azurerm_resource_group.appgrp"
          ]
        },
        {
          "index_key": "web",
          "schema_version": 0,
          "attributes": {
            "id": "/subscriptions/2ab4f266-3113-46c7-9a11-16bcb8ae5659/resourceGroups/dev-grp/providers/Microsoft.Network/virtualNetworks/dev-network/subnets/websubnet",
            "network_security_group_id": "/subscriptions/2ab4f266-3113-46c7-9a11-16bcb8ae5659/resourceGroups/dev-grp/providers/Microsoft.Network/networkSecurityGroups/web_nsg",
            "subnet_id": "/subscriptions/2ab4f266-3113-46c7-9a11-16bcb8ae5659/resourceGroups/dev-grp/providers/Microsoft.Network/virtualNetworks/dev-network/subnets/websubnet",
            "timeouts": null
          },
          "sensitive_attributes": [],
          "identity_schema_version": 0,
          "private": "eyJlMmJmYjczMC1lY2FhLTExZTYtOGY4OC0zNDM2M2JjN2M0YzAiOnsiY3JlYXRlIjoxODAwMDAwMDAwMDAwLCJkZWxldGUiOjE4MDAwMDAwMDAwMDAsInJlYWQiOjMwMDAwMDAwMDAwMH19",
          "dependencies": [
            "module.network.azurerm_network_security_group.network_security_group",
            "module.network.azurerm_subnet.network_subnets",
            "module.network.azurerm_virtual_network.virtual_network",
            "module.resource-group.azurerm_resource_group.appgrp"
          ]
        }
      ]
    },
    {
      "module": "module.network",
      "mode": "managed",
      "type": "azurerm_virtual_network",
      "name": "virtual_network",
      "provider": "provider[\"registry.terraform.io/hashicorp/azurerm\"]",
      "instances": [
        {
          "index_key": "dev-network",
          "schema_version": 0,
          "attributes": {
            "address_space": [
              "10.0.0.0/16"
            ],
            "bgp_community": "",
            "ddos_protection_plan": [],
            "dns_servers": [],
            "edge_zone": "",
            "encryption": [],
            "flow_timeout_in_minutes": 0,
            "guid": "a1e552f6-a156-4df4-91e3-759b8285faac",
            "id": "/subscriptions/2ab4f266-3113-46c7-9a11-16bcb8ae5659/resourceGroups/dev-grp/providers/Microsoft.Network/virtualNetworks/dev-network",
            "location": "uksouth",
            "name": "dev-network",
            "resource_group_name": "dev-grp",
            "subnet": [],
            "tags": null,
            "timeouts": null
          },
          "sensitive_attributes": [],
          "identity_schema_version": 0,
          "private": "eyJlMmJmYjczMC1lY2FhLTExZTYtOGY4OC0zNDM2M2JjN2M0YzAiOnsiY3JlYXRlIjoxODAwMDAwMDAwMDAwLCJkZWxldGUiOjE4MDAwMDAwMDAwMDAsInJlYWQiOjMwMDAwMDAwMDAwMCwidXBkYXRlIjoxODAwMDAwMDAwMDAwfX0=",
          "dependencies": [
            "module.resource-group.azurerm_resource_group.appgrp"
          ]
        }
      ]
    },
    {
      "module": "module.resource-group",
      "mode": "managed",
      "type": "azurerm_resource_group",
      "name": "appgrp",
      "provider": "provider[\"registry.terraform.io/hashicorp/azurerm\"]",
      "instances": [
        {
          "schema_version": 0,
          "attributes": {
            "id": "/subscriptions/2ab4f266-3113-46c7-9a11-16bcb8ae5659/resourceGroups/dev-grp",
            "location": "uksouth",
            "managed_by": "",
            "name": "dev-grp",
            "tags": null,
            "timeouts": null
          },
          "sensitive_attributes": [],
          "identity_schema_version": 0,
          "private": "eyJlMmJmYjczMC1lY2FhLTExZTYtOGY4OC0zNDM2M2JjN2M0YzAiOnsiY3JlYXRlIjo1NDAwMDAwMDAwMDAwLCJkZWxldGUiOjU0MDAwMDAwMDAwMDAsInJlYWQiOjMwMDAwMDAwMDAwMCwidXBkYXRlIjo1NDAwMDAwMDAwMDAwfX0="
        }
      ]
    },
    {
      "module": "module.virtual-machines",
      "mode": "data",
      "type": "azurerm_network_interface",
      "name": "networkinterface",
      "provider": "provider[\"registry.terraform.io/hashicorp/azurerm\"]",
      "instances": [
        {
          "index_key": "appinterface01",
          "schema_version": 0,
          "attributes": {
            "accelerated_networking_enabled": false,
            "applied_dns_servers": [],
            "dns_servers": [],
            "id": "/subscriptions/2ab4f266-3113-46c7-9a11-16bcb8ae5659/resourceGroups/dev-grp/providers/Microsoft.Network/networkInterfaces/appinterface01",
            "internal_dns_name_label": "",
            "ip_configuration": [
              {
                "application_gateway_backend_address_pools_ids": [],
                "application_security_group_ids": [],
                "gateway_load_balancer_frontend_ip_configuration_id": "",
                "load_balancer_backend_address_pools_ids": [],
                "load_balancer_inbound_nat_rules_ids": [],
                "name": "internal",
                "primary": true,
                "private_ip_address": "10.0.1.4",
                "private_ip_address_allocation": "Dynamic",
                "private_ip_address_version": "IPv4",
                "public_ip_address_id": "",
                "subnet_id": "/subscriptions/2ab4f266-3113-46c7-9a11-16bcb8ae5659/resourceGroups/dev-grp/providers/Microsoft.Network/virtualNetworks/dev-network/subnets/appsubnet"
              }
            ],
            "ip_forwarding_enabled": false,
            "location": "uksouth",
            "mac_address": "",
            "name": "appinterface01",
            "network_security_group_id": "",
            "private_ip_address": "10.0.1.4",
            "private_ip_addresses": [
              "10.0.1.4"
            ],
            "resource_group_name": "dev-grp",
            "tags": {},
            "timeouts": null,
            "virtual_machine_id": ""
          },
          "sensitive_attributes": [],
          "identity_schema_version": 0
        },
        {
          "index_key": "webinterface01",
          "schema_version": 0,
          "attributes": {
            "accelerated_networking_enabled": false,
            "applied_dns_servers": [],
            "dns_servers": [],
            "id": "/subscriptions/2ab4f266-3113-46c7-9a11-16bcb8ae5659/resourceGroups/dev-grp/providers/Microsoft.Network/networkInterfaces/webinterface01",
            "internal_dns_name_label": "",
            "ip_configuration": [
              {
                "application_gateway_backend_address_pools_ids": [],
                "application_security_group_ids": [],
                "gateway_load_balancer_frontend_ip_configuration_id": "",
                "load_balancer_backend_address_pools_ids": [],
                "load_balancer_inbound_nat_rules_ids": [],
                "name": "internal",
                "primary": true,
                "private_ip_address": "10.0.0.4",
                "private_ip_address_allocation": "Dynamic",
                "private_ip_address_version": "IPv4",
                "public_ip_address_id": "",
                "subnet_id": "/subscriptions/2ab4f266-3113-46c7-9a11-16bcb8ae5659/resourceGroups/dev-grp/providers/Microsoft.Network/virtualNetworks/dev-network/subnets/websubnet"
              }
            ],
            "ip_forwarding_enabled": false,
            "location": "uksouth",
            "mac_address": "",
            "name": "webinterface01",
            "network_security_group_id": "",
            "private_ip_address": "10.0.0.4",
            "private_ip_addresses": [
              "10.0.0.4"
            ],
            "resource_group_name": "dev-grp",
            "tags": {},
            "timeouts": null,
            "virtual_machine_id": ""
          },
          "sensitive_attributes": [],
          "identity_schema_version": 0
        }
      ]
    },
    {
      "module": "module.virtual-machines",
      "mode": "managed",
      "type": "azurerm_linux_virtual_machine",
      "name": "virtualmachines",
      "provider": "provider[\"registry.terraform.io/hashicorp/azurerm\"]",
      "instances": [
        {
          "index_key": "appvm01",
          "schema_version": 0,
          "attributes": {
            "additional_capabilities": [],
            "admin_password": "Azure@123",
            "admin_ssh_key": [],
            "admin_username": "linuxadmin",
            "allow_extension_operations": true,
            "availability_set_id": "",
            "boot_diagnostics": [],
            "bypass_platform_safety_checks_on_user_schedule_enabled": false,
            "capacity_reservation_group_id": "",
            "computer_name": "appvm01",
            "custom_data": null,
            "dedicated_host_group_id": "",
            "dedicated_host_id": "",
            "disable_password_authentication": false,
            "disk_controller_type": "",
            "edge_zone": "",
            "encryption_at_host_enabled": false,
            "eviction_policy": "",
            "extensions_time_budget": "PT1H30M",
            "gallery_application": [],
            "id": "/subscriptions/2ab4f266-3113-46c7-9a11-16bcb8ae5659/resourceGroups/dev-grp/providers/Microsoft.Compute/virtualMachines/appvm01",
            "identity": [],
            "license_type": "",
            "location": "uksouth",
            "max_bid_price": -1,
            "name": "appvm01",
            "network_interface_ids": [
              "/subscriptions/2ab4f266-3113-46c7-9a11-16bcb8ae5659/resourceGroups/dev-grp/providers/Microsoft.Network/networkInterfaces/appinterface01"
            ],
            "os_disk": [
              {
                "caching": "ReadWrite",
                "diff_disk_settings": [],
                "disk_encryption_set_id": "",
                "disk_size_gb": 30,
                "name": "appvm01_disk1_437c1732182044d3ae24d945aefc3a16",
                "secure_vm_disk_encryption_set_id": "",
                "security_encryption_type": "",
                "storage_account_type": "Standard_LRS",
                "write_accelerator_enabled": false
              }
            ],
            "os_image_notification": [],
            "patch_assessment_mode": "ImageDefault",
            "patch_mode": "ImageDefault",
            "plan": [],
            "platform_fault_domain": -1,
            "priority": "Regular",
            "private_ip_address": "10.0.1.4",
            "private_ip_addresses": [
              "10.0.1.4"
            ],
            "provision_vm_agent": true,
            "proximity_placement_group_id": "",
            "public_ip_address": "",
            "public_ip_addresses": [],
            "reboot_setting": "",
            "resource_group_name": "dev-grp",
            "secret": [],
            "secure_boot_enabled": false,
            "size": "Standard_B1s",
            "source_image_id": "",
            "source_image_reference": [
              {
                "offer": "0001-com-ubuntu-server-jammy",
                "publisher": "Canonical",
                "sku": "22_04-lts",
                "version": "latest"
              }
            ],
            "tags": null,
            "termination_notification": null,
            "timeouts": null,
            "user_data": "",
            "virtual_machine_id": "fa2d982f-ef69-45c9-bf79-922e68bffe72",
            "virtual_machine_scale_set_id": "",
            "vm_agent_platform_updates_enabled": false,
            "vtpm_enabled": false,
            "zone": ""
          },
          "sensitive_attributes": [
            [
              {
                "type": "get_attr",
                "value": "admin_password"
              }
            ],
            [
              {
                "type": "get_attr",
                "value": "custom_data"
              }
            ]
          ],
          "identity_schema_version": 0,
          "private": "eyJlMmJmYjczMC1lY2FhLTExZTYtOGY4OC0zNDM2M2JjN2M0YzAiOnsiY3JlYXRlIjoyNzAwMDAwMDAwMDAwLCJkZWxldGUiOjI3MDAwMDAwMDAwMDAsInJlYWQiOjMwMDAwMDAwMDAwMCwidXBkYXRlIjoyNzAwMDAwMDAwMDAwfX0=",
          "dependencies": [
            "module.network.azurerm_network_interface.network_interfaces",
            "module.network.azurerm_network_security_group.network_security_group",
            "module.network.azurerm_subnet.network_subnets",
            "module.network.azurerm_subnet_network_security_group_association.subnet_nsg",
            "module.network.azurerm_virtual_network.virtual_network",
            "module.resource-group.azurerm_resource_group.appgrp",
            "module.virtual-machines.data.azurerm_network_interface.networkinterface"
          ]
        },
        {
          "index_key": "webvm01",
          "schema_version": 0,
          "attributes": {
            "additional_capabilities": [],
            "admin_password": "Azure@123",
            "admin_ssh_key": [],
            "admin_username": "linuxadmin",
            "allow_extension_operations": true,
            "availability_set_id": "",
            "boot_diagnostics": [],
            "bypass_platform_safety_checks_on_user_schedule_enabled": false,
            "capacity_reservation_group_id": "",
            "computer_name": "webvm01",
            "custom_data": null,
            "dedicated_host_group_id": "",
            "dedicated_host_id": "",
            "disable_password_authentication": false,
            "disk_controller_type": "",
            "edge_zone": "",
            "encryption_at_host_enabled": false,
            "eviction_policy": "",
            "extensions_time_budget": "PT1H30M",
            "gallery_application": [],
            "id": "/subscriptions/2ab4f266-3113-46c7-9a11-16bcb8ae5659/resourceGroups/dev-grp/providers/Microsoft.Compute/virtualMachines/webvm01",
            "identity": [],
            "license_type": "",
            "location": "uksouth",
            "max_bid_price": -1,
            "name": "webvm01",
            "network_interface_ids": [
              "/subscriptions/2ab4f266-3113-46c7-9a11-16bcb8ae5659/resourceGroups/dev-grp/providers/Microsoft.Network/networkInterfaces/webinterface01"
            ],
            "os_disk": [
              {
                "caching": "ReadWrite",
                "diff_disk_settings": [],
                "disk_encryption_set_id": "",
                "disk_size_gb": 30,
                "name": "webvm01_disk1_c4d251249b524b72b0339e0044127cd7",
                "secure_vm_disk_encryption_set_id": "",
                "security_encryption_type": "",
                "storage_account_type": "Standard_LRS",
                "write_accelerator_enabled": false
              }
            ],
            "os_image_notification": [],
            "patch_assessment_mode": "ImageDefault",
            "patch_mode": "ImageDefault",
            "plan": [],
            "platform_fault_domain": -1,
            "priority": "Regular",
            "private_ip_address": "10.0.0.4",
            "private_ip_addresses": [
              "10.0.0.4"
            ],
            "provision_vm_agent": true,
            "proximity_placement_group_id": "",
            "public_ip_address": "",
            "public_ip_addresses": [],
            "reboot_setting": "",
            "resource_group_name": "dev-grp",
            "secret": [],
            "secure_boot_enabled": false,
            "size": "Standard_B1s",
            "source_image_id": "",
            "source_image_reference": [
              {
                "offer": "0001-com-ubuntu-server-jammy",
                "publisher": "Canonical",
                "sku": "22_04-lts",
                "version": "latest"
              }
            ],
            "tags": null,
            "termination_notification": null,
            "timeouts": null,
            "user_data": "",
            "virtual_machine_id": "7da6e103-fdbd-453d-9ba8-dca7ec3780ae",
            "virtual_machine_scale_set_id": "",
            "vm_agent_platform_updates_enabled": false,
            "vtpm_enabled": false,
            "zone": ""
          },
          "sensitive_attributes": [
            [
              {
                "type": "get_attr",
                "value": "admin_password"
              }
            ],
            [
              {
                "type": "get_attr",
                "value": "custom_data"
              }
            ]
          ],
          "identity_schema_version": 0,
          "private": "eyJlMmJmYjczMC1lY2FhLTExZTYtOGY4OC0zNDM2M2JjN2M0YzAiOnsiY3JlYXRlIjoyNzAwMDAwMDAwMDAwLCJkZWxldGUiOjI3MDAwMDAwMDAwMDAsInJlYWQiOjMwMDAwMDAwMDAwMCwidXBkYXRlIjoyNzAwMDAwMDAwMDAwfX0=",
          "dependencies": [
            "module.network.azurerm_network_interface.network_interfaces",
            "module.network.azurerm_network_security_group.network_security_group",
            "module.network.azurerm_subnet.network_subnets",
            "module.network.azurerm_subnet_network_security_group_association.subnet_nsg",
            "module.network.azurerm_virtual_network.virtual_network",
            "module.resource-group.azurerm_resource_group.appgrp",
            "module.virtual-machines.data.azurerm_network_interface.networkinterface"
          ]
        }
      ]
    }
  ],
  "check_results": null
}
